
Microsoft Visual Studio Solution File, Format Version 12.00
# Visual Studio Version 16
VisualStudioVersion = 16.0.31624.102
MinimumVisualStudioVersion = 10.0.40219.1
Project("{FAE04EC0-301F-11D3-BF4B-00C04F79EFBC}") = "CreateBlankSolution", "CreateBlankSolution\CreateBlankSolution.csproj", "{B37EA4AD-0AF6-4011-AB5C-1E99709E8363}"
EndProject
Project("{2150E333-8FDC-42A3-9474-1A3956D46DE8}") = "Solution Items", "Solution Items", "{D14441A7-7C64-482A-A208-F2D770E445B0}"
	ProjectSection(SolutionItems) = preProject
		readme.md = readme.md
	EndProjectSection
EndProject
Global
	GlobalSection(SolutionConfigurationPlatforms) = preSolution
		Debug|Any CPU = Debug|Any CPU
		Release|Any CPU = Release|Any CPU
	EndGlobalSection
	GlobalSection(ProjectConfigurationPlatforms) = postSolution
		{B37EA4AD-0AF6-4011-AB5C-1E99709E8363}.Debug|Any CPU.ActiveCfg = Debug|Any CPU
		{B37EA4AD-0AF6-4011-AB5C-1E99709E8363}.Debug|Any CPU.Build.0 = Debug|Any CPU
		{B37EA4AD-0AF6-4011-AB5C-1E99709E8363}.Release|Any CPU.ActiveCfg = Release|Any CPU
		{B37EA4AD-0AF6-4011-AB5C-1E99709E8363}.Release|Any CPU.Build.0 = Release|Any CPU
	EndGlobalSection
	GlobalSection(SolutionProperties) = preSolution
		HideSolutionNode = FALSE
	EndGlobalSection
	GlobalSection(ExtensibilityGlobals) = postSolution
		SolutionGuid = {3D73B363-E9FA-43D8-BAF7-6AF606EA5BD3}
	EndGlobalSection
EndGlobal
